{
    "_readme": [
        "This file locks the dependencies of your project to a known state",
        "Read more about it at https://getcomposer.org/doc/01-basic-usage.md#installing-dependencies",
        "This file is @generated automatically"
    ],
    "content-hash": "9e7a62c5a995a9d6307123ec1bf75a63",
    "packages": [
        {
            "name": "hindbiswas/phpdotenv",
            "version": "v1.0.0",
            "source": {
                "type": "git",
                "url": "https://github.com/hind-sagar-biswas/phpdotenv.git",
                "reference": "7b61cb61222e3a6a977ed6ba11306178e730ad3f"
            },
            "dist": {
                "type": "zip",
                "url": "https://api.github.com/repos/hind-sagar-biswas/phpdotenv/zipball/7b61cb61222e3a6a977ed6ba11306178e730ad3f",
                "reference": "7b61cb61222e3a6a977ed6ba11306178e730ad3f",
                "shasum": ""
            },
            "require": {
                "php": ">=8.0"
            },
            "require-dev": {
                "phpunit/phpunit": "^10.3"
            },
            "type": "library",
            "autoload": {
                "psr-4": {
                    "Hindbiswas\\Phpdotenv\\": "src/"
                }
            },
            "notification-url": "https://packagist.org/downloads/",
            "license": [
                "MIT"
            ],
            "authors": [
                {
                    "name": "Hind Sagar Biswas",
                    "email": "hindsbhk@gmail.com"
                }
            ],
            "description": "PHP .env files loader and manager",
            "support": {
                "issues": "https://github.com/hind-sagar-biswas/phpdotenv/issues",
                "source": "https://github.com/hind-sagar-biswas/phpdotenv/tree/v1.0.0"
            },
            "time": "2023-10-03T17:53:26+00:00"
        },
        {
            "name": "hindbiswas/quebee",
            "version": "v2.0.0",
            "source": {
                "type": "git",
                "url": "https://github.com/hind-sagar-biswas/quebee.git",
                "reference": "dbb8c95ca8fdf7a866479fffc312924985338ffc"
            },
            "dist": {
                "type": "zip",
                "url": "https://api.github.com/repos/hind-sagar-biswas/quebee/zipball/dbb8c95ca8fdf7a866479fffc312924985338ffc",
                "reference": "dbb8c95ca8fdf7a866479fffc312924985338ffc",
                "shasum": ""
            },
            "require": {
                "php": ">=8.1"
            },
            "require-dev": {
                "phpunit/phpunit": "^10.3"
            },
            "type": "library",
            "autoload": {
                "psr-4": {
                    "Hindbiswas\\QueBee\\": "src/"
                }
            },
            "notification-url": "https://packagist.org/downloads/",
            "license": [
                "MIT"
            ],
            "authors": [
                {
                    "name": "Hind Sagar Biswas",
                    "email": "hindsbhk@gmail.com"
                }
            ],
            "description": "Qb - a lightweight Query Builder for SQL",
            "support": {
                "issues": "https://github.com/hind-sagar-biswas/quebee/issues",
                "source": "https://github.com/hind-sagar-biswas/quebee/tree/v2.0.0"
            },
            "time": "2023-11-28T18:44:09+00:00"
        }
    ],
    "packages-dev": [],
    "aliases": [],
    "minimum-stability": "stable",
    "stability-flags": [],
    "prefer-stable": false,
    "prefer-lowest": false,
    "platform": [],
    "platform-dev": [],
    "plugin-api-version": "2.3.0"
}
